// !$*UTF8*$!
{
	archiveVersion = 1;
	classes = {
	};
	objectVersion = 50;
	objects = {

/* Begin PBXBuildFile section */
		683B89DE2513D4F2002616CB /* AppDelegate.swift in Sources */ = {isa = PBXBuildFile; fileRef = 683B89DD2513D4F2002616CB /* AppDelegate.swift */; };
		683B89E02513D4F2002616CB /* SceneDelegate.swift in Sources */ = {isa = PBXBuildFile; fileRef = 683B89DF2513D4F2002616CB /* SceneDelegate.swift */; };
		683B89E22513D4F2002616CB /* TodayViewController.swift in Sources */ = {isa = PBXBuildFile; fileRef = 683B89E12513D4F2002616CB /* TodayViewController.swift */; };
		683B89E52513D4F2002616CB /* Main.storyboard in Resources */ = {isa = PBXBuildFile; fileRef = 683B89E32513D4F2002616CB /* Main.storyboard */; };
		683B89F22513E167002616CB /* ForecastViewController.swift in Sources */ = {isa = PBXBuildFile; fileRef = 683B89F12513E167002616CB /* ForecastViewController.swift */; };
		683B89F725142AEA002616CB /* Cells.swift in Sources */ = {isa = PBXBuildFile; fileRef = 683B89F625142AEA002616CB /* Cells.swift */; };
		689597BD251A73F8000001C0 /* Constants.swift in Sources */ = {isa = PBXBuildFile; fileRef = 689597BC251A73F8000001C0 /* Constants.swift */; };
		689F9C0F2518DF7300B603CB /* WeatherCacheManager.swift in Sources */ = {isa = PBXBuildFile; fileRef = 689F9C0E2518DF7300B603CB /* WeatherCacheManager.swift */; };
		68E4882C25163B3E005D5713 /* WeatherManager.swift in Sources */ = {isa = PBXBuildFile; fileRef = 68E4882B25163B3E005D5713 /* WeatherManager.swift */; };
		68E4882E25163B63005D5713 /* WeatherModel.swift in Sources */ = {isa = PBXBuildFile; fileRef = 68E4882D25163B63005D5713 /* WeatherModel.swift */; };
		68E4883825165BBE005D5713 /* Assets.xcassets in Resources */ = {isa = PBXBuildFile; fileRef = 68E4883725165BBE005D5713 /* Assets.xcassets */; };
		68E4883E25165D3D005D5713 /* Launch Screen.storyboard in Resources */ = {isa = PBXBuildFile; fileRef = 68E4883D25165D3D005D5713 /* Launch Screen.storyboard */; };
		68F2AC9225153634000BEA5A /* WeatherData.swift in Sources */ = {isa = PBXBuildFile; fileRef = 68F2AC9125153634000BEA5A /* WeatherData.swift */; };
/* End PBXBuildFile section */

/* Begin PBXFileReference section */
		683B89DA2513D4F2002616CB /* Weather_App.app */ = {isa = PBXFileReference; explicitFileType = wrapper.application; includeInIndex = 0; path = Weather_App.app; sourceTree = BUILT_PRODUCTS_DIR; };
		683B89DD2513D4F2002616CB /* AppDelegate.swift */ = {isa = PBXFileReference; lastKnownFileType = sourcecode.swift; path = AppDelegate.swift; sourceTree = "<group>"; };
		683B89DF2513D4F2002616CB /* SceneDelegate.swift */ = {isa = PBXFileReference; lastKnownFileType = sourcecode.swift; path = SceneDelegate.swift; sourceTree = "<group>"; };
		683B89E12513D4F2002616CB /* TodayViewController.swift */ = {isa = PBXFileReference; lastKnownFileType = sourcecode.swift; path = TodayViewController.swift; sourceTree = "<group>"; };
		683B89E42513D4F2002616CB /* Base */ = {isa = PBXFileReference; lastKnownFileType = file.storyboard; name = Base; path = Base.lproj/Main.storyboard; sourceTree = "<group>"; };
		683B89EB2513D4F4002616CB /* Info.plist */ = {isa = PBXFileReference; lastKnownFileType = text.plist.xml; path = Info.plist; sourceTree = "<group>"; };
		683B89F12513E167002616CB /* ForecastViewController.swift */ = {isa = PBXFileReference; lastKnownFileType = sourcecode.swift; path = ForecastViewController.swift; sourceTree = "<group>"; };
		683B89F625142AEA002616CB /* Cells.swift */ = {isa = PBXFileReference; lastKnownFileType = sourcecode.swift; path = Cells.swift; sourceTree = "<group>"; };
		689597BC251A73F8000001C0 /* Constants.swift */ = {isa = PBXFileReference; lastKnownFileType = sourcecode.swift; name = Constants.swift; path = Weather_App/Controllers/Constants.swift; sourceTree = SOURCE_ROOT; };
		689F9C0E2518DF7300B603CB /* WeatherCacheManager.swift */ = {isa = PBXFileReference; lastKnownFileType = sourcecode.swift; path = WeatherCacheManager.swift; sourceTree = "<group>"; };
		68E4882B25163B3E005D5713 /* WeatherManager.swift */ = {isa = PBXFileReference; lastKnownFileType = sourcecode.swift; path = WeatherManager.swift; sourceTree = "<group>"; };
		68E4882D25163B63005D5713 /* WeatherModel.swift */ = {isa = PBXFileReference; lastKnownFileType = sourcecode.swift; path = WeatherModel.swift; sourceTree = "<group>"; };
		68E4883725165BBE005D5713 /* Assets.xcassets */ = {isa = PBXFileReference; lastKnownFileType = folder.assetcatalog; path = Assets.xcassets; sourceTree = "<group>"; };
		68E4883D25165D3D005D5713 /* Launch Screen.storyboard */ = {isa = PBXFileReference; lastKnownFileType = file.storyboard; path = "Launch Screen.storyboard"; sourceTree = "<group>"; };
		68F2AC9125153634000BEA5A /* WeatherData.swift */ = {isa = PBXFileReference; lastKnownFileType = sourcecode.swift; path = WeatherData.swift; sourceTree = "<group>"; };
/* End PBXFileReference section */

/* Begin PBXFrameworksBuildPhase section */
		683B89D72513D4F2002616CB /* Frameworks */ = {
			isa = PBXFrameworksBuildPhase;
			buildActionMask = 2147483647;
			files = (
			);
			runOnlyForDeploymentPostprocessing = 0;
		};
/* End PBXFrameworksBuildPhase section */

/* Begin PBXGroup section */
		683B89D12513D4F2002616CB = {
			isa = PBXGroup;
			children = (
				683B89DC2513D4F2002616CB /* Weather_App */,
				683B89DB2513D4F2002616CB /* Products */,
			);
			sourceTree = "<group>";
		};
		683B89DB2513D4F2002616CB /* Products */ = {
			isa = PBXGroup;
			children = (
				683B89DA2513D4F2002616CB /* Weather_App.app */,
			);
			name = Products;
			sourceTree = "<group>";
		};
		683B89DC2513D4F2002616CB /* Weather_App */ = {
			isa = PBXGroup;
			children = (
				683B89DD2513D4F2002616CB /* AppDelegate.swift */,
				683B89DF2513D4F2002616CB /* SceneDelegate.swift */,
				68F2AC9325153642000BEA5A /* Models */,
				683B89F825142C78002616CB /* Cells */,
				683B89F32513E179002616CB /* Controllers */,
				683B89F42513E193002616CB /* View */,
				683B89F52513E19F002616CB /* SupportingFiles */,
				683B89EB2513D4F4002616CB /* Info.plist */,
			);
			path = Weather_App;
			sourceTree = "<group>";
		};
		683B89F32513E179002616CB /* Controllers */ = {
			isa = PBXGroup;
			children = (
				683B89E12513D4F2002616CB /* TodayViewController.swift */,
				683B89F12513E167002616CB /* ForecastViewController.swift */,
			);
			path = Controllers;
			sourceTree = "<group>";
		};
		683B89F42513E193002616CB /* View */ = {
			isa = PBXGroup;
			children = (
				683B89E32513D4F2002616CB /* Main.storyboard */,
			);
			path = View;
			sourceTree = "<group>";
		};
		683B89F52513E19F002616CB /* SupportingFiles */ = {
			isa = PBXGroup;
			children = (
				68E4883D25165D3D005D5713 /* Launch Screen.storyboard */,
				68E4883725165BBE005D5713 /* Assets.xcassets */,
			);
			path = SupportingFiles;
			sourceTree = "<group>";
		};
		683B89F825142C78002616CB /* Cells */ = {
			isa = PBXGroup;
			children = (
				683B89F625142AEA002616CB /* Cells.swift */,
			);
			path = Cells;
			sourceTree = "<group>";
		};
		68F2AC9325153642000BEA5A /* Models */ = {
			isa = PBXGroup;
			children = (
				689597BC251A73F8000001C0 /* Constants.swift */,
				68F2AC9125153634000BEA5A /* WeatherData.swift */,
				68E4882D25163B63005D5713 /* WeatherModel.swift */,
				68E4882B25163B3E005D5713 /* WeatherManager.swift */,
				689F9C0E2518DF7300B603CB /* WeatherCacheManager.swift */,
			);
			path = Models;
			sourceTree = "<group>";
		};
/* End PBXGroup section */

/* Begin PBXNativeTarget section */
		683B89D92513D4F2002616CB /* Weather_App */ = {
			isa = PBXNativeTarget;
			buildConfigurationList = 683B89EE2513D4F4002616CB /* Build configuration list for PBXNativeTarget "Weather_App" */;
			buildPhases = (
				683B89D62513D4F2002616CB /* Sources */,
				683B89D72513D4F2002616CB /* Frameworks */,
				683B89D82513D4F2002616CB /* Resources */,
			);
			buildRules = (
			);
			dependencies = (
			);
			name = Weather_App;
			productName = Weather_App;
			productReference = 683B89DA2513D4F2002616CB /* Weather_App.app */;
			productType = "com.apple.product-type.application";
		};
/* End PBXNativeTarget section */

/* Begin PBXProject section */
		683B89D22513D4F2002616CB /* Project object */ = {
			isa = PBXProject;
			attributes = {
				LastSwiftUpdateCheck = 1150;
				LastUpgradeCheck = 1150;
				ORGANIZATIONNAME = "Feodora Andryieuskaya";
				TargetAttributes = {
					683B89D92513D4F2002616CB = {
						CreatedOnToolsVersion = 11.5;
					};
				};
			};
			buildConfigurationList = 683B89D52513D4F2002616CB /* Build configuration list for PBXProject "Weather_App" */;
			compatibilityVersion = "Xcode 9.3";
			developmentRegion = en;
			hasScannedForEncodings = 0;
			knownRegions = (
				en,
				Base,
			);
			mainGroup = 683B89D12513D4F2002616CB;
			productRefGroup = 683B89DB2513D4F2002616CB /* Products */;
			projectDirPath = "";
			projectRoot = "";
			targets = (
				683B89D92513D4F2002616CB /* Weather_App */,
			);
		};
/* End PBXProject section */

/* Begin PBXResourcesBuildPhase section */
		683B89D82513D4F2002616CB /* Resources */ = {
			isa = PBXResourcesBuildPhase;
			buildActionMask = 2147483647;
			files = (
				68E4883825165BBE005D5713 /* Assets.xcassets in Resources */,
				68E4883E25165D3D005D5713 /* Launch Screen.storyboard in Resources */,
				683B89E52513D4F2002616CB /* Main.storyboard in Resources */,
			);
			runOnlyForDeploymentPostprocessing = 0;
		};
/* End PBXResourcesBuildPhase section */

/* Begin PBXSourcesBuildPhase section */
		683B89D62513D4F2002616CB /* Sources */ = {
			isa = PBXSourcesBuildPhase;
			buildActionMask = 2147483647;
			files = (
				683B89E22513D4F2002616CB /* TodayViewController.swift in Sources */,
				683B89F22513E167002616CB /* ForecastViewController.swift in Sources */,
				683B89DE2513D4F2002616CB /* AppDelegate.swift in Sources */,
				68E4882C25163B3E005D5713 /* WeatherManager.swift in Sources */,
				689F9C0F2518DF7300B603CB /* WeatherCacheManager.swift in Sources */,
				689597BD251A73F8000001C0 /* Constants.swift in Sources */,
				68F2AC9225153634000BEA5A /* WeatherData.swift in Sources */,
				683B89E02513D4F2002616CB /* SceneDelegate.swift in Sources */,
				68E4882E25163B63005D5713 /* WeatherModel.swift in Sources */,
				683B89F725142AEA002616CB /* Cells.swift in Sources */,
			);
			runOnlyForDeploymentPostprocessing = 0;
		};
/* End PBXSourcesBuildPhase section */

/* Begin PBXVariantGroup section */
		683B89E32513D4F2002616CB /* Main.storyboard */ = {
			isa = PBXVariantGroup;
			children = (
				683B89E42513D4F2002616CB /* Base */,
			);
			name = Main.storyboard;
			sourceTree = "<group>";
		};
/* End PBXVariantGroup section */

/* Begin XCBuildConfiguration section */
		683B89EC2513D4F4002616CB /* Debug */ = {
			isa = XCBuildConfiguration;
			buildSettings = {
				ALWAYS_SEARCH_USER_PATHS = NO;
				CLANG_ANALYZER_NONNULL = YES;
				CLANG_ANALYZER_NUMBER_OBJECT_CONVERSION = YES_AGGRESSIVE;
				CLANG_CXX_LANGUAGE_STANDARD = "gnu++14";
				CLANG_CXX_LIBRARY = "libc++";
				CLANG_ENABLE_MODULES = YES;
				CLANG_ENABLE_OBJC_ARC = YES;
				CLANG_ENABLE_OBJC_WEAK = YES;
				CLANG_WARN_BLOCK_CAPTURE_AUTORELEASING = YES;
				CLANG_WARN_BOOL_CONVERSION = YES;
				CLANG_WARN_COMMA = YES;
				CLANG_WARN_CONSTANT_CONVERSION = YES;
				CLANG_WARN_DEPRECATED_OBJC_IMPLEMENTATIONS = YES;
				CLANG_WARN_DIRECT_OBJC_ISA_USAGE = YES_ERROR;
				CLANG_WARN_DOCUMENTATION_COMMENTS = YES;
				CLANG_WARN_EMPTY_BODY = YES;
				CLANG_WARN_ENUM_CONVERSION = YES;
				CLANG_WARN_INFINITE_RECURSION = YES;
				CLANG_WARN_INT_CONVERSION = YES;
				CLANG_WARN_NON_LITERAL_NULL_CONVERSION = YES;
				CLANG_WARN_OBJC_IMPLICIT_RETAIN_SELF = YES;
				CLANG_WARN_OBJC_LITERAL_CONVERSION = YES;
				CLANG_WARN_OBJC_ROOT_CLASS = YES_ERROR;
				CLANG_WARN_RANGE_LOOP_ANALYSIS = YES;
				CLANG_WARN_STRICT_PROTOTYPES = YES;
				CLANG_WARN_SUSPICIOUS_MOVE = YES;
				CLANG_WARN_UNGUARDED_AVAILABILITY = YES_AGGRESSIVE;
				CLANG_WARN_UNREACHABLE_CODE = YES;
				CLANG_WARN__DUPLICATE_METHOD_MATCH = YES;
				COPY_PHASE_STRIP = NO;
				DEBUG_INFORMATION_FORMAT = dwarf;
				ENABLE_STRICT_OBJC_MSGSEND = YES;
				ENABLE_TESTABILITY = YES;
				GCC_C_LANGUAGE_STANDARD = gnu11;
				GCC_DYNAMIC_NO_PIC = NO;
				GCC_NO_COMMON_BLOCKS = YES;
				GCC_OPTIMIZATION_LEVEL = 0;
				GCC_PREPROCESSOR_DEFINITIONS = (
					"DEBUG=1",
					"$(inherited)",
				);
				GCC_WARN_64_TO_32_BIT_CONVERSION = YES;
				GCC_WARN_ABOUT_RETURN_TYPE = YES_ERROR;
				GCC_WARN_UNDECLARED_SELECTOR = YES;
				GCC_WARN_UNINITIALIZED_AUTOS = YES_AGGRESSIVE;
				GCC_WARN_UNUSED_FUNCTION = YES;
				GCC_WARN_UNUSED_VARIABLE = YES;
				IPHONEOS_DEPLOYMENT_TARGET = 13.5;
				MTL_ENABLE_DEBUG_INFO = INCLUDE_SOURCE;
				MTL_FAST_MATH = YES;
				ONLY_ACTIVE_ARCH = YES;
				SDKROOT = iphoneos;
				SWIFT_ACTIVE_COMPILATION_CONDITIONS = DEBUG;
				SWIFT_OPTIMIZATION_LEVEL = "-Onone";
			};
			name = Debug;
		};
		683B89ED2513D4F4002616CB /* Release */ = {
			isa = XCBuildConfiguration;
			buildSettings = {
				ALWAYS_SEARCH_USER_PATHS = NO;
				CLANG_ANALYZER_NONNULL = YES;
				CLANG_ANALYZER_NUMBER_OBJECT_CONVERSION = YES_AGGRESSIVE;
				CLANG_CXX_LANGUAGE_STANDARD = "gnu++14";
				CLANG_CXX_LIBRARY = "libc++";
				CLANG_ENABLE_MODULES = YES;
				CLANG_ENABLE_OBJC_ARC = YES;
				CLANG_ENABLE_OBJC_WEAK = YES;
				CLANG_WARN_BLOCK_CAPTURE_AUTORELEASING = YES;
				CLANG_WARN_BOOL_CONVERSION = YES;
				CLANG_WARN_COMMA = YES;
				CLANG_WARN_CONSTANT_CONVERSION = YES;
				CLANG_WARN_DEPRECATED_OBJC_IMPLEMENTATIONS = YES;
				CLANG_WARN_DIRECT_OBJC_ISA_USAGE = YES_ERROR;
				CLANG_WARN_DOCUMENTATION_COMMENTS = YES;
				CLANG_WARN_EMPTY_BODY = YES;
				CLANG_WARN_ENUM_CONVERSION = YES;
				CLANG_WARN_INFINITE_RECURSION = YES;
				CLANG_WARN_INT_CONVERSION = YES;
				CLANG_WARN_NON_LITERAL_NULL_CONVERSION = YES;
				CLANG_WARN_OBJC_IMPLICIT_RETAIN_SELF = YES;
				CLANG_WARN_OBJC_LITERAL_CONVERSION = YES;
				CLANG_WARN_OBJC_ROOT_CLASS = YES_ERROR;
				CLANG_WARN_RANGE_LOOP_ANALYSIS = YES;
				CLANG_WARN_STRICT_PROTOTYPES = YES;
				CLANG_WARN_SUSPICIOUS_MOVE = YES;
				CLANG_WARN_UNGUARDED_AVAILABILITY = YES_AGGRESSIVE;
				CLANG_WARN_UNREACHABLE_CODE = YES;
				CLANG_WARN__DUPLICATE_METHOD_MATCH = YES;
				COPY_PHASE_STRIP = NO;
				DEBUG_INFORMATION_FORMAT = "dwarf-with-dsym";
				ENABLE_NS_ASSERTIONS = NO;
				ENABLE_STRICT_OBJC_MSGSEND = YES;
				GCC_C_LANGUAGE_STANDARD = gnu11;
				GCC_NO_COMMON_BLOCKS = YES;
				GCC_WARN_64_TO_32_BIT_CONVERSION = YES;
				GCC_WARN_ABOUT_RETURN_TYPE = YES_ERROR;
				GCC_WARN_UNDECLARED_SELECTOR = YES;
				GCC_WARN_UNINITIALIZED_AUTOS = YES_AGGRESSIVE;
				GCC_WARN_UNUSED_FUNCTION = YES;
				GCC_WARN_UNUSED_VARIABLE = YES;
				IPHONEOS_DEPLOYMENT_TARGET = 13.5;
				MTL_ENABLE_DEBUG_INFO = NO;
				MTL_FAST_MATH = YES;
				SDKROOT = iphoneos;
				SWIFT_COMPILATION_MODE = wholemodule;
				SWIFT_OPTIMIZATION_LEVEL = "-O";
				VALIDATE_PRODUCT = YES;
			};
			name = Release;
		};
		683B89EF2513D4F4002616CB /* Debug */ = {
			isa = XCBuildConfiguration;
			buildSettings = {
				ASSETCATALOG_COMPILER_APPICON_NAME = AppIcon;
				CODE_SIGN_STYLE = Automatic;
				DEVELOPMENT_TEAM = 72G63W4R44;
				INFOPLIST_FILE = Weather_App/Info.plist;
				LD_RUNPATH_SEARCH_PATHS = (
					"$(inherited)",
					"@executable_path/Frameworks",
				);
				MARKETING_VERSION = 5.0;
				PRODUCT_BUNDLE_IDENTIFIER = "com.Theo.Weather-App";
				PRODUCT_NAME = "$(TARGET_NAME)";
				SWIFT_VERSION = 5.0;
				TARGETED_DEVICE_FAMILY = 1;
			};
			name = Debug;
		};
		683B89F02513D4F4002616CB /* Release */ = {
			isa = XCBuildConfiguration;
			buildSettings = {
				ASSETCATALOG_COMPILER_APPICON_NAME = AppIcon;
				CODE_SIGN_STYLE = Automatic;
				DEVELOPMENT_TEAM = 72G63W4R44;
				INFOPLIST_FILE = Weather_App/Info.plist;
				LD_RUNPATH_SEARCH_PATHS = (
					"$(inherited)",
					"@executable_path/Frameworks",
				);
				MARKETING_VERSION = 5.0;
				PRODUCT_BUNDLE_IDENTIFIER = "com.Theo.Weather-App";
				PRODUCT_NAME = "$(TARGET_NAME)";
				SWIFT_VERSION = 5.0;
				TARGETED_DEVICE_FAMILY = 1;
			};
			name = Release;
		};
/* End XCBuildConfiguration section */

/* Begin XCConfigurationList section */
		683B89D52513D4F2002616CB /* Build configuration list for PBXProject "Weather_App" */ = {
			isa = XCConfigurationList;
			buildConfigurations = (
				683B89EC2513D4F4002616CB /* Debug */,
				683B89ED2513D4F4002616CB /* Release */,
			);
			defaultConfigurationIsVisible = 0;
			defaultConfigurationName = Release;
		};
		683B89EE2513D4F4002616CB /* Build configuration list for PBXNativeTarget "Weather_App" */ = {
			isa = XCConfigurationList;
			buildConfigurations = (
				683B89EF2513D4F4002616CB /* Debug */,
				683B89F02513D4F4002616CB /* Release */,
			);
			defaultConfigurationIsVisible = 0;
			defaultConfigurationName = Release;
		};
/* End XCConfigurationList section */
	};
	rootObject = 683B89D22513D4F2002616CB /* Project object */;
}
